// !$*UTF8*$!
{
	archiveVersion = 1;
	classes = {
	};
	objectVersion = 77;
	objects = {

/* Begin PBXBuildFile section */
		8FE0E6952DEEF9F300BB3679 /* .gitignore in Resources */ = {isa = PBXBuildFile; fileRef = 8FE0E6942DEEF9F300BB3679 /* .gitignore */; };
/* End PBXBuildFile section */

/* Begin PBXContainerItemProxy section */
		6593A83B2DEEF276002EB25D /* PBXContainerItemProxy */ = {
			isa = PBXContainerItemProxy;
			containerPortal = 6593A8202DEEF273002EB25D /* Project object */;
			proxyType = 1;
			remoteGlobalIDString = 6593A8272DEEF273002EB25D;
			remoteInfo = BuildLifeCycle;
		};
		6593A8452DEEF277002EB25D /* PBXContainerItemProxy */ = {
			isa = PBXContainerItemProxy;
			containerPortal = 6593A8202DEEF273002EB25D /* Project object */;
			proxyType = 1;
			remoteGlobalIDString = 6593A8272DEEF273002EB25D;
			remoteInfo = BuildLifeCycle;
		};
/* End PBXContainerItemProxy section */

/* Begin PBXFileReference section */
		6593A8282DEEF273002EB25D /* BuildLifeCycle.app */ = {isa = PBXFileReference; explicitFileType = wrapper.application; includeInIndex = 0; path = BuildLifeCycle.app; sourceTree = BUILT_PRODUCTS_DIR; };
		6593A83A2DEEF276002EB25D /* BuildLifeCycleTests.xctest */ = {isa = PBXFileReference; explicitFileType = wrapper.cfbundle; includeInIndex = 0; path = BuildLifeCycleTests.xctest; sourceTree = BUILT_PRODUCTS_DIR; };
		6593A8442DEEF277002EB25D /* BuildLifeCycleUITests.xctest */ = {isa = PBXFileReference; explicitFileType = wrapper.cfbundle; includeInIndex = 0; path = BuildLifeCycleUITests.xctest; sourceTree = BUILT_PRODUCTS_DIR; };
		8FE0E6942DEEF9F300BB3679 /* .gitignore */ = {isa = PBXFileReference; lastKnownFileType = text; path = .gitignore; sourceTree = "<group>"; };
/* End PBXFileReference section */

/* Begin PBXFileSystemSynchronizedRootGroup section */
		6593A82A2DEEF273002EB25D /* BuildLifeCycle */ = {
			isa = PBXFileSystemSynchronizedRootGroup;
			path = BuildLifeCycle;
			sourceTree = "<group>";
		};
		6593A83D2DEEF276002EB25D /* BuildLifeCycleTests */ = {
			isa = PBXFileSystemSynchronizedRootGroup;
			path = BuildLifeCycleTests;
			sourceTree = "<group>";
		};
		6593A8472DEEF277002EB25D /* BuildLifeCycleUITests */ = {
			isa = PBXFileSystemSynchronizedRootGroup;
			path = BuildLifeCycleUITests;
			sourceTree = "<group>";
		};
/* End PBXFileSystemSynchronizedRootGroup section */

/* Begin PBXFrameworksBuildPhase section */
		6593A8252DEEF273002EB25D /* Frameworks */ = {
			isa = PBXFrameworksBuildPhase;
			buildActionMask = 2147483647;
			files = (
			);
			runOnlyForDeploymentPostprocessing = 0;
		};
		6593A8372DEEF276002EB25D /* Frameworks */ = {
			isa = PBXFrameworksBuildPhase;
			buildActionMask = 2147483647;
			files = (
			);
			runOnlyForDeploymentPostprocessing = 0;
		};
		6593A8412DEEF277002EB25D /* Frameworks */ = {
			isa = PBXFrameworksBuildPhase;
			buildActionMask = 2147483647;
			files = (
			);
			runOnlyForDeploymentPostprocessing = 0;
		};
/* End PBXFrameworksBuildPhase section */

/* Begin PBXGroup section */
		6593A81F2DEEF273002EB25D = {
			isa = PBXGroup;
			children = (
				8FE0E6942DEEF9F300BB3679 /* .gitignore */,
				6593A82A2DEEF273002EB25D /* BuildLifeCycle */,
				6593A83D2DEEF276002EB25D /* BuildLifeCycleTests */,
				6593A8472DEEF277002EB25D /* BuildLifeCycleUITests */,
				6593A8292DEEF273002EB25D /* Products */,
			);
			sourceTree = "<group>";
		};
		6593A8292DEEF273002EB25D /* Products */ = {
			isa = PBXGroup;
			children = (
				6593A8282DEEF273002EB25D /* BuildLifeCycle.app */,
				6593A83A2DEEF276002EB25D /* BuildLifeCycleTests.xctest */,
				6593A8442DEEF277002EB25D /* BuildLifeCycleUITests.xctest */,
			);
			name = Products;
			sourceTree = "<group>";
		};
/* End PBXGroup section */

/* Begin PBXNativeTarget section */
		6593A8272DEEF273002EB25D /* BuildLifeCycle */ = {
			isa = PBXNativeTarget;
			buildConfigurationList = 6593A84E2DEEF277002EB25D /* Build configuration list for PBXNativeTarget "BuildLifeCycle" */;
			buildPhases = (
				6593A8242DEEF273002EB25D /* Sources */,
				6593A8252DEEF273002EB25D /* Frameworks */,
				6593A8262DEEF273002EB25D /* Resources */,
			);
			buildRules = (
			);
			dependencies = (
			);
			fileSystemSynchronizedGroups = (
				6593A82A2DEEF273002EB25D /* BuildLifeCycle */,
			);
			name = BuildLifeCycle;
			packageProductDependencies = (
			);
			productName = BuildLifeCycle;
			productReference = 6593A8282DEEF273002EB25D /* BuildLifeCycle.app */;
			productType = "com.apple.product-type.application";
		};
		6593A8392DEEF276002EB25D /* BuildLifeCycleTests */ = {
			isa = PBXNativeTarget;
			buildConfigurationList = 6593A8512DEEF277002EB25D /* Build configuration list for PBXNativeTarget "BuildLifeCycleTests" */;
			buildPhases = (
				6593A8362DEEF276002EB25D /* Sources */,
				6593A8372DEEF276002EB25D /* Frameworks */,
				6593A8382DEEF276002EB25D /* Resources */,
			);
			buildRules = (
			);
			dependencies = (
				6593A83C2DEEF276002EB25D /* PBXTargetDependency */,
			);
			fileSystemSynchronizedGroups = (
				6593A83D2DEEF276002EB25D /* BuildLifeCycleTests */,
			);
			name = BuildLifeCycleTests;
			packageProductDependencies = (
			);
			productName = BuildLifeCycleTests;
			productReference = 6593A83A2DEEF276002EB25D /* BuildLifeCycleTests.xctest */;
			productType = "com.apple.product-type.bundle.unit-test";
		};
		6593A8432DEEF277002EB25D /* BuildLifeCycleUITests */ = {
			isa = PBXNativeTarget;
			buildConfigurationList = 6593A8542DEEF277002EB25D /* Build configuration list for PBXNativeTarget "BuildLifeCycleUITests" */;
			buildPhases = (
				6593A8402DEEF277002EB25D /* Sources */,
				6593A8412DEEF277002EB25D /* Frameworks */,
				6593A8422DEEF277002EB25D /* Resources */,
			);
			buildRules = (
			);
			dependencies = (
				6593A8462DEEF277002EB25D /* PBXTargetDependency */,
			);
			fileSystemSynchronizedGroups = (
				6593A8472DEEF277002EB25D /* BuildLifeCycleUITests */,
			);
			name = BuildLifeCycleUITests;
			packageProductDependencies = (
			);
			productName = BuildLifeCycleUITests;
			productReference = 6593A8442DEEF277002EB25D /* BuildLifeCycleUITests.xctest */;
			productType = "com.apple.product-type.bundle.ui-testing";
		};
/* End PBXNativeTarget section */

/* Begin PBXProject section */
		6593A8202DEEF273002EB25D /* Project object */ = {
			isa = PBXProject;
			attributes = {
				BuildIndependentTargetsInParallel = 1;
				LastSwiftUpdateCheck = 1620;
				LastUpgradeCheck = 1620;
				TargetAttributes = {
					6593A8272DEEF273002EB25D = {
						CreatedOnToolsVersion = 16.2;
					};
					6593A8392DEEF276002EB25D = {
						CreatedOnToolsVersion = 16.2;
						TestTargetID = 6593A8272DEEF273002EB25D;
					};
					6593A8432DEEF277002EB25D = {
						CreatedOnToolsVersion = 16.2;
						TestTargetID = 6593A8272DEEF273002EB25D;
					};
				};
			};
			buildConfigurationList = 6593A8232DEEF273002EB25D /* Build configuration list for PBXProject "BuildLifeCycle" */;
			developmentRegion = en;
			hasScannedForEncodings = 0;
			knownRegions = (
				en,
				Base,
			);
			mainGroup = 6593A81F2DEEF273002EB25D;
			minimizedProjectReferenceProxies = 1;
			preferredProjectObjectVersion = 77;
			productRefGroup = 6593A8292DEEF273002EB25D /* Products */;
			projectDirPath = "";
			projectRoot = "";
			targets = (
				6593A8272DEEF273002EB25D /* BuildLifeCycle */,
				6593A8392DEEF276002EB25D /* BuildLifeCycleTests */,
				6593A8432DEEF277002EB25D /* BuildLifeCycleUITests */,
			);
		};
/* End PBXProject section */

/* Begin PBXResourcesBuildPhase section */
		6593A8262DEEF273002EB25D /* Resources */ = {
			isa = PBXResourcesBuildPhase;
			buildActionMask = 2147483647;
			files = (
				8FE0E6952DEEF9F300BB3679 /* .gitignore in Resources */,
			);
			runOnlyForDeploymentPostprocessing = 0;
		};
		6593A8382DEEF276002EB25D /* Resources */ = {
			isa = PBXResourcesBuildPhase;
			buildActionMask = 2147483647;
			files = (
			);
			runOnlyForDeploymentPostprocessing = 0;
		};
		6593A8422DEEF277002EB25D /* Resources */ = {
			isa = PBXResourcesBuildPhase;
			buildActionMask = 2147483647;
			files = (
			);
			runOnlyForDeploymentPostprocessing = 0;
		};
/* End PBXResourcesBuildPhase section */

/* Begin PBXSourcesBuildPhase section */
		6593A8242DEEF273002EB25D /* Sources */ = {
			isa = PBXSourcesBuildPhase;
			buildActionMask = 2147483647;
			files = (
			);
			runOnlyForDeploymentPostprocessing = 0;
		};
		6593A8362DEEF276002EB25D /* Sources */ = {
			isa = PBXSourcesBuildPhase;
			buildActionMask = 2147483647;
			files = (
			);
			runOnlyForDeploymentPostprocessing = 0;
		};
		6593A8402DEEF277002EB25D /* Sources */ = {
			isa = PBXSourcesBuildPhase;
			buildActionMask = 2147483647;
			files = (
			);
			runOnlyForDeploymentPostprocessing = 0;
		};
/* End PBXSourcesBuildPhase section */

/* Begin PBXTargetDependency section */
		6593A83C2DEEF276002EB25D /* PBXTargetDependency */ = {
			isa = PBXTargetDependency;
			target = 6593A8272DEEF273002EB25D /* BuildLifeCycle */;
			targetProxy = 6593A83B2DEEF276002EB25D /* PBXContainerItemProxy */;
		};
		6593A8462DEEF277002EB25D /* PBXTargetDependency */ = {
			isa = PBXTargetDependency;
			target = 6593A8272DEEF273002EB25D /* BuildLifeCycle */;
			targetProxy = 6593A8452DEEF277002EB25D /* PBXContainerItemProxy */;
		};
/* End PBXTargetDependency section */

/* Begin XCBuildConfiguration section */
		6593A84C2DEEF277002EB25D /* Debug */ = {
			isa = XCBuildConfiguration;
			buildSettings = {
				ALWAYS_SEARCH_USER_PATHS = NO;
				ASSETCATALOG_COMPILER_GENERATE_SWIFT_ASSET_SYMBOL_EXTENSIONS = YES;
				CLANG_ANALYZER_NONNULL = YES;
				CLANG_ANALYZER_NUMBER_OBJECT_CONVERSION = YES_AGGRESSIVE;
				CLANG_CXX_LANGUAGE_STANDARD = "gnu++20";
				CLANG_ENABLE_MODULES = YES;
				CLANG_ENABLE_OBJC_ARC = YES;
				CLANG_ENABLE_OBJC_WEAK = YES;
				CLANG_WARN_BLOCK_CAPTURE_AUTORELEASING = YES;
				CLANG_WARN_BOOL_CONVERSION = YES;
				CLANG_WARN_COMMA = YES;
				CLANG_WARN_CONSTANT_CONVERSION = YES;
				CLANG_WARN_DEPRECATED_OBJC_IMPLEMENTATIONS = YES;
				CLANG_WARN_DIRECT_OBJC_ISA_USAGE = YES_ERROR;
				CLANG_WARN_DOCUMENTATION_COMMENTS = YES;
				CLANG_WARN_EMPTY_BODY = YES;
				CLANG_WARN_ENUM_CONVERSION = YES;
				CLANG_WARN_INFINITE_RECURSION = YES;
				CLANG_WARN_INT_CONVERSION = YES;
				CLANG_WARN_NON_LITERAL_NULL_CONVERSION = YES;
				CLANG_WARN_OBJC_IMPLICIT_RETAIN_SELF = YES;
				CLANG_WARN_OBJC_LITERAL_CONVERSION = YES;
				CLANG_WARN_OBJC_ROOT_CLASS = YES_ERROR;
				CLANG_WARN_QUOTED_INCLUDE_IN_FRAMEWORK_HEADER = YES;
				CLANG_WARN_RANGE_LOOP_ANALYSIS = YES;
				CLANG_WARN_STRICT_PROTOTYPES = YES;
				CLANG_WARN_SUSPICIOUS_MOVE = YES;
				CLANG_WARN_UNGUARDED_AVAILABILITY = YES_AGGRESSIVE;
				CLANG_WARN_UNREACHABLE_CODE = YES;
				CLANG_WARN__DUPLICATE_METHOD_MATCH = YES;
				COPY_PHASE_STRIP = NO;
				DEBUG_INFORMATION_FORMAT = dwarf;
				ENABLE_STRICT_OBJC_MSGSEND = YES;
				ENABLE_TESTABILITY = YES;
				ENABLE_USER_SCRIPT_SANDBOXING = YES;
				GCC_C_LANGUAGE_STANDARD = gnu17;
				GCC_DYNAMIC_NO_PIC = NO;
				GCC_NO_COMMON_BLOCKS = YES;
				GCC_OPTIMIZATION_LEVEL = 0;
				GCC_PREPROCESSOR_DEFINITIONS = (
					"DEBUG=1",
					"$(inherited)",
				);
				GCC_WARN_64_TO_32_BIT_CONVERSION = YES;
				GCC_WARN_ABOUT_RETURN_TYPE = YES_ERROR;
				GCC_WARN_UNDECLARED_SELECTOR = YES;
				GCC_WARN_UNINITIALIZED_AUTOS = YES_AGGRESSIVE;
				GCC_WARN_UNUSED_FUNCTION = YES;
				GCC_WARN_UNUSED_VARIABLE = YES;
				IPHONEOS_DEPLOYMENT_TARGET = 18.2;
				LOCALIZATION_PREFERS_STRING_CATALOGS = YES;
				MTL_ENABLE_DEBUG_INFO = INCLUDE_SOURCE;
				MTL_FAST_MATH = YES;
				ONLY_ACTIVE_ARCH = YES;
				SDKROOT = iphoneos;
				SWIFT_ACTIVE_COMPILATION_CONDITIONS = "DEBUG $(inherited)";
				SWIFT_OPTIMIZATION_LEVEL = "-Onone";
			};
			name = Debug;
		};
		6593A84D2DEEF277002EB25D /* Release */ = {
			isa = XCBuildConfiguration;
			buildSettings = {
				ALWAYS_SEARCH_USER_PATHS = NO;
				ASSETCATALOG_COMPILER_GENERATE_SWIFT_ASSET_SYMBOL_EXTENSIONS = YES;
				CLANG_ANALYZER_NONNULL = YES;
				CLANG_ANALYZER_NUMBER_OBJECT_CONVERSION = YES_AGGRESSIVE;
				CLANG_CXX_LANGUAGE_STANDARD = "gnu++20";
				CLANG_ENABLE_MODULES = YES;
				CLANG_ENABLE_OBJC_ARC = YES;
				CLANG_ENABLE_OBJC_WEAK = YES;
				CLANG_WARN_BLOCK_CAPTURE_AUTORELEASING = YES;
				CLANG_WARN_BOOL_CONVERSION = YES;
				CLANG_WARN_COMMA = YES;
				CLANG_WARN_CONSTANT_CONVERSION = YES;
				CLANG_WARN_DEPRECATED_OBJC_IMPLEMENTATIONS = YES;
				CLANG_WARN_DIRECT_OBJC_ISA_USAGE = YES_ERROR;
				CLANG_WARN_DOCUMENTATION_COMMENTS = YES;
				CLANG_WARN_EMPTY_BODY = YES;
				CLANG_WARN_ENUM_CONVERSION = YES;
				CLANG_WARN_INFINITE_RECURSION = YES;
				CLANG_WARN_INT_CONVERSION = YES;
				CLANG_WARN_NON_LITERAL_NULL_CONVERSION = YES;
				CLANG_WARN_OBJC_IMPLICIT_RETAIN_SELF = YES;
				CLANG_WARN_OBJC_LITERAL_CONVERSION = YES;
				CLANG_WARN_OBJC_ROOT_CLASS = YES_ERROR;
				CLANG_WARN_QUOTED_INCLUDE_IN_FRAMEWORK_HEADER = YES;
				CLANG_WARN_RANGE_LOOP_ANALYSIS = YES;
				CLANG_WARN_STRICT_PROTOTYPES = YES;
				CLANG_WARN_SUSPICIOUS_MOVE = YES;
				CLANG_WARN_UNGUARDED_AVAILABILITY = YES_AGGRESSIVE;
				CLANG_WARN_UNREACHABLE_CODE = YES;
				CLANG_WARN__DUPLICATE_METHOD_MATCH = YES;
				COPY_PHASE_STRIP = NO;
				DEBUG_INFORMATION_FORMAT = "dwarf-with-dsym";
				ENABLE_NS_ASSERTIONS = NO;
				ENABLE_STRICT_OBJC_MSGSEND = YES;
				ENABLE_USER_SCRIPT_SANDBOXING = YES;
				GCC_C_LANGUAGE_STANDARD = gnu17;
				GCC_NO_COMMON_BLOCKS = YES;
				GCC_WARN_64_TO_32_BIT_CONVERSION = YES;
				GCC_WARN_ABOUT_RETURN_TYPE = YES_ERROR;
				GCC_WARN_UNDECLARED_SELECTOR = YES;
				GCC_WARN_UNINITIALIZED_AUTOS = YES_AGGRESSIVE;
				GCC_WARN_UNUSED_FUNCTION = YES;
				GCC_WARN_UNUSED_VARIABLE = YES;
				IPHONEOS_DEPLOYMENT_TARGET = 18.2;
				LOCALIZATION_PREFERS_STRING_CATALOGS = YES;
				MTL_ENABLE_DEBUG_INFO = NO;
				MTL_FAST_MATH = YES;
				SDKROOT = iphoneos;
				SWIFT_COMPILATION_MODE = wholemodule;
				VALIDATE_PRODUCT = YES;
			};
			name = Release;
		};
		6593A84F2DEEF277002EB25D /* Debug */ = {
			isa = XCBuildConfiguration;
			buildSettings = {
				ASSETCATALOG_COMPILER_APPICON_NAME = AppIcon;
				ASSETCATALOG_COMPILER_GLOBAL_ACCENT_COLOR_NAME = AccentColor;
				CODE_SIGN_STYLE = Automatic;
				CURRENT_PROJECT_VERSION = 1;
				DEVELOPMENT_ASSET_PATHS = "\"BuildLifeCycle/Preview Content\"";
				ENABLE_PREVIEWS = YES;
				GENERATE_INFOPLIST_FILE = YES;
				INFOPLIST_KEY_UIApplicationSceneManifest_Generation = YES;
				INFOPLIST_KEY_UIApplicationSupportsIndirectInputEvents = YES;
				INFOPLIST_KEY_UILaunchScreen_Generation = YES;
				INFOPLIST_KEY_UISupportedInterfaceOrientations_iPad = "UIInterfaceOrientationPortrait UIInterfaceOrientationPortraitUpsideDown UIInterfaceOrientationLandscapeLeft UIInterfaceOrientationLandscapeRight";
				INFOPLIST_KEY_UISupportedInterfaceOrientations_iPhone = "UIInterfaceOrientationPortrait UIInterfaceOrientationLandscapeLeft UIInterfaceOrientationLandscapeRight";
				LD_RUNPATH_SEARCH_PATHS = (
					"$(inherited)",
					"@executable_path/Frameworks",
				);
				MARKETING_VERSION = 1.0;
				PRODUCT_BUNDLE_IDENTIFIER = com.team10.BuildLifeCycle;
				PRODUCT_NAME = "$(TARGET_NAME)";
				SWIFT_EMIT_LOC_STRINGS = YES;
				SWIFT_VERSION = 5.0;
				TARGETED_DEVICE_FAMILY = "1,2";
			};
			name = Debug;
		};
		6593A8502DEEF277002EB25D /* Release */ = {
			isa = XCBuildConfiguration;
			buildSettings = {
				ASSETCATALOG_COMPILER_APPICON_NAME = AppIcon;
				ASSETCATALOG_COMPILER_GLOBAL_ACCENT_COLOR_NAME = AccentColor;
				CODE_SIGN_STYLE = Automatic;
				CURRENT_PROJECT_VERSION = 1;
				DEVELOPMENT_ASSET_PATHS = "\"BuildLifeCycle/Preview Content\"";
				ENABLE_PREVIEWS = YES;
				GENERATE_INFOPLIST_FILE = YES;
				INFOPLIST_KEY_UIApplicationSceneManifest_Generation = YES;
				INFOPLIST_KEY_UIApplicationSupportsIndirectInputEvents = YES;
				INFOPLIST_KEY_UILaunchScreen_Generation = YES;
				INFOPLIST_KEY_UISupportedInterfaceOrientations_iPad = "UIInterfaceOrientationPortrait UIInterfaceOrientationPortraitUpsideDown UIInterfaceOrientationLandscapeLeft UIInterfaceOrientationLandscapeRight";
				INFOPLIST_KEY_UISupportedInterfaceOrientations_iPhone = "UIInterfaceOrientationPortrait UIInterfaceOrientationLandscapeLeft UIInterfaceOrientationLandscapeRight";
				LD_RUNPATH_SEARCH_PATHS = (
					"$(inherited)",
					"@executable_path/Frameworks",
				);
				MARKETING_VERSION = 1.0;
				PRODUCT_BUNDLE_IDENTIFIER = com.team10.BuildLifeCycle;
				PRODUCT_NAME = "$(TARGET_NAME)";
				SWIFT_EMIT_LOC_STRINGS = YES;
				SWIFT_VERSION = 5.0;
				TARGETED_DEVICE_FAMILY = "1,2";
			};
			name = Release;
		};
		6593A8522DEEF277002EB25D /* Debug */ = {
			isa = XCBuildConfiguration;
			buildSettings = {
				BUNDLE_LOADER = "$(TEST_HOST)";
				CODE_SIGN_STYLE = Automatic;
				CURRENT_PROJECT_VERSION = 1;
				GENERATE_INFOPLIST_FILE = YES;
				IPHONEOS_DEPLOYMENT_TARGET = 18.2;
				MARKETING_VERSION = 1.0;
				PRODUCT_BUNDLE_IDENTIFIER = com.team10.BuildLifeCycleTests;
				PRODUCT_NAME = "$(TARGET_NAME)";
				SWIFT_EMIT_LOC_STRINGS = NO;
				SWIFT_VERSION = 5.0;
				TARGETED_DEVICE_FAMILY = "1,2";
				TEST_HOST = "$(BUILT_PRODUCTS_DIR)/BuildLifeCycle.app/$(BUNDLE_EXECUTABLE_FOLDER_PATH)/BuildLifeCycle";
			};
			name = Debug;
		};
		6593A8532DEEF277002EB25D /* Release */ = {
			isa = XCBuildConfiguration;
			buildSettings = {
				BUNDLE_LOADER = "$(TEST_HOST)";
				CODE_SIGN_STYLE = Automatic;
				CURRENT_PROJECT_VERSION = 1;
				GENERATE_INFOPLIST_FILE = YES;
				IPHONEOS_DEPLOYMENT_TARGET = 18.2;
				MARKETING_VERSION = 1.0;
				PRODUCT_BUNDLE_IDENTIFIER = com.team10.BuildLifeCycleTests;
				PRODUCT_NAME = "$(TARGET_NAME)";
				SWIFT_EMIT_LOC_STRINGS = NO;
				SWIFT_VERSION = 5.0;
				TARGETED_DEVICE_FAMILY = "1,2";
				TEST_HOST = "$(BUILT_PRODUCTS_DIR)/BuildLifeCycle.app/$(BUNDLE_EXECUTABLE_FOLDER_PATH)/BuildLifeCycle";
			};
			name = Release;
		};
		6593A8552DEEF277002EB25D /* Debug */ = {
			isa = XCBuildConfiguration;
			buildSettings = {
				CODE_SIGN_STYLE = Automatic;
				CURRENT_PROJECT_VERSION = 1;
				GENERATE_INFOPLIST_FILE = YES;
				MARKETING_VERSION = 1.0;
				PRODUCT_BUNDLE_IDENTIFIER = com.team10.BuildLifeCycleUITests;
				PRODUCT_NAME = "$(TARGET_NAME)";
				SWIFT_EMIT_LOC_STRINGS = NO;
				SWIFT_VERSION = 5.0;
				TARGETED_DEVICE_FAMILY = "1,2";
				TEST_TARGET_NAME = BuildLifeCycle;
			};
			name = Debug;
		};
		6593A8562DEEF277002EB25D /* Release */ = {
			isa = XCBuildConfiguration;
			buildSettings = {
				CODE_SIGN_STYLE = Automatic;
				CURRENT_PROJECT_VERSION = 1;
				GENERATE_INFOPLIST_FILE = YES;
				MARKETING_VERSION = 1.0;
				PRODUCT_BUNDLE_IDENTIFIER = com.team10.BuildLifeCycleUITests;
				PRODUCT_NAME = "$(TARGET_NAME)";
				SWIFT_EMIT_LOC_STRINGS = NO;
				SWIFT_VERSION = 5.0;
				TARGETED_DEVICE_FAMILY = "1,2";
				TEST_TARGET_NAME = BuildLifeCycle;
			};
			name = Release;
		};
/* End XCBuildConfiguration section */

/* Begin XCConfigurationList section */
		6593A8232DEEF273002EB25D /* Build configuration list for PBXProject "BuildLifeCycle" */ = {
			isa = XCConfigurationList;
			buildConfigurations = (
				6593A84C2DEEF277002EB25D /* Debug */,
				6593A84D2DEEF277002EB25D /* Release */,
			);
			defaultConfigurationIsVisible = 0;
			defaultConfigurationName = Release;
		};
		6593A84E2DEEF277002EB25D /* Build configuration list for PBXNativeTarget "BuildLifeCycle" */ = {
			isa = XCConfigurationList;
			buildConfigurations = (
				6593A84F2DEEF277002EB25D /* Debug */,
				6593A8502DEEF277002EB25D /* Release */,
			);
			defaultConfigurationIsVisible = 0;
			defaultConfigurationName = Release;
		};
		6593A8512DEEF277002EB25D /* Build configuration list for PBXNativeTarget "BuildLifeCycleTests" */ = {
			isa = XCConfigurationList;
			buildConfigurations = (
				6593A8522DEEF277002EB25D /* Debug */,
				6593A8532DEEF277002EB25D /* Release */,
			);
			defaultConfigurationIsVisible = 0;
			defaultConfigurationName = Release;
		};
		6593A8542DEEF277002EB25D /* Build configuration list for PBXNativeTarget "BuildLifeCycleUITests" */ = {
			isa = XCConfigurationList;
			buildConfigurations = (
				6593A8552DEEF277002EB25D /* Debug */,
				6593A8562DEEF277002EB25D /* Release */,
			);
			defaultConfigurationIsVisible = 0;
			defaultConfigurationName = Release;
		};
/* End XCConfigurationList section */
	};
	rootObject = 6593A8202DEEF273002EB25D /* Project object */;
}
